// !$*UTF8*$!
{
	archiveVersion = 1;
	classes = {
	};
	objectVersion = 77;
	objects = {

/* Begin PBXBuildFile section */
		D0E01F172F198B9000BA41F2 /* OpenAPIRuntime in Frameworks */ = {isa = PBXBuildFile; productRef = D0E01F162F198B9000BA41F2 /* OpenAPIRuntime */; };
		D0E01F1A2F198BCC00BA41F2 /* OpenAPIURLSession in Frameworks */ = {isa = PBXBuildFile; productRef = D0E01F192F198BCC00BA41F2 /* OpenAPIURLSession */; };
/* End PBXBuildFile section */

/* Begin PBXContainerItemProxy section */
		D0E01EF42F1978BB00BA41F2 /* PBXContainerItemProxy */ = {
			isa = PBXContainerItemProxy;
			containerPortal = D0E01EDB2F1978AA00BA41F2 /* Project object */;
			proxyType = 1;
			remoteGlobalIDString = D0E01EE22F1978AB00BA41F2;
			remoteInfo = TravelSchedule;
		};
		D0E01EFE2F1978BB00BA41F2 /* PBXContainerItemProxy */ = {
			isa = PBXContainerItemProxy;
			containerPortal = D0E01EDB2F1978AA00BA41F2 /* Project object */;
			proxyType = 1;
			remoteGlobalIDString = D0E01EE22F1978AB00BA41F2;
			remoteInfo = TravelSchedule;
		};
/* End PBXContainerItemProxy section */

/* Begin PBXFileReference section */
		D0E01EE32F1978AB00BA41F2 /* TravelSchedule.app */ = {isa = PBXFileReference; explicitFileType = wrapper.application; includeInIndex = 0; path = TravelSchedule.app; sourceTree = BUILT_PRODUCTS_DIR; };
		D0E01EF32F1978BB00BA41F2 /* TravelScheduleTests.xctest */ = {isa = PBXFileReference; explicitFileType = wrapper.cfbundle; includeInIndex = 0; path = TravelScheduleTests.xctest; sourceTree = BUILT_PRODUCTS_DIR; };
		D0E01EFD2F1978BB00BA41F2 /* TravelScheduleUITests.xctest */ = {isa = PBXFileReference; explicitFileType = wrapper.cfbundle; includeInIndex = 0; path = TravelScheduleUITests.xctest; sourceTree = BUILT_PRODUCTS_DIR; };
/* End PBXFileReference section */

/* Begin PBXFileSystemSynchronizedBuildFileExceptionSet section */
		D0E01F7E2F2FDDDA00BA41F2 /* Exceptions for "TravelSchedule" folder in "TravelSchedule" target */ = {
			isa = PBXFileSystemSynchronizedBuildFileExceptionSet;
			membershipExceptions = (
				Info.plist,
			);
			target = D0E01EE22F1978AB00BA41F2 /* TravelSchedule */;
		};
/* End PBXFileSystemSynchronizedBuildFileExceptionSet section */

/* Begin PBXFileSystemSynchronizedRootGroup section */
		D0E01EE52F1978AB00BA41F2 /* TravelSchedule */ = {
			isa = PBXFileSystemSynchronizedRootGroup;
			exceptions = (
				D0E01F7E2F2FDDDA00BA41F2 /* Exceptions for "TravelSchedule" folder in "TravelSchedule" target */,
			);
			path = TravelSchedule;
			sourceTree = "<group>";
		};
		D0E01EF62F1978BB00BA41F2 /* TravelScheduleTests */ = {
			isa = PBXFileSystemSynchronizedRootGroup;
			path = TravelScheduleTests;
			sourceTree = "<group>";
		};
		D0E01F002F1978BB00BA41F2 /* TravelScheduleUITests */ = {
			isa = PBXFileSystemSynchronizedRootGroup;
			path = TravelScheduleUITests;
			sourceTree = "<group>";
		};
/* End PBXFileSystemSynchronizedRootGroup section */

/* Begin PBXFrameworksBuildPhase section */
		D0E01EE02F1978AB00BA41F2 /* Frameworks */ = {
			isa = PBXFrameworksBuildPhase;
			buildActionMask = 2147483647;
			files = (
				D0E01F1A2F198BCC00BA41F2 /* OpenAPIURLSession in Frameworks */,
				D0E01F172F198B9000BA41F2 /* OpenAPIRuntime in Frameworks */,
			);
			runOnlyForDeploymentPostprocessing = 0;
		};
		D0E01EF02F1978BB00BA41F2 /* Frameworks */ = {
			isa = PBXFrameworksBuildPhase;
			buildActionMask = 2147483647;
			files = (
			);
			runOnlyForDeploymentPostprocessing = 0;
		};
		D0E01EFA2F1978BB00BA41F2 /* Frameworks */ = {
			isa = PBXFrameworksBuildPhase;
			buildActionMask = 2147483647;
			files = (
			);
			runOnlyForDeploymentPostprocessing = 0;
		};
/* End PBXFrameworksBuildPhase section */

/* Begin PBXGroup section */
		D0E01EDA2F1978AA00BA41F2 = {
			isa = PBXGroup;
			children = (
				D0E01EE52F1978AB00BA41F2 /* TravelSchedule */,
				D0E01EF62F1978BB00BA41F2 /* TravelScheduleTests */,
				D0E01F002F1978BB00BA41F2 /* TravelScheduleUITests */,
				D0E01EE42F1978AB00BA41F2 /* Products */,
			);
			sourceTree = "<group>";
		};
		D0E01EE42F1978AB00BA41F2 /* Products */ = {
			isa = PBXGroup;
			children = (
				D0E01EE32F1978AB00BA41F2 /* TravelSchedule.app */,
				D0E01EF32F1978BB00BA41F2 /* TravelScheduleTests.xctest */,
				D0E01EFD2F1978BB00BA41F2 /* TravelScheduleUITests.xctest */,
			);
			name = Products;
			sourceTree = "<group>";
		};
/* End PBXGroup section */

/* Begin PBXNativeTarget section */
		D0E01EE22F1978AB00BA41F2 /* TravelSchedule */ = {
			isa = PBXNativeTarget;
			buildConfigurationList = D0E01F072F1978BB00BA41F2 /* Build configuration list for PBXNativeTarget "TravelSchedule" */;
			buildPhases = (
				D0E01EDF2F1978AB00BA41F2 /* Sources */,
				D0E01EE02F1978AB00BA41F2 /* Frameworks */,
				D0E01EE12F1978AB00BA41F2 /* Resources */,
			);
			buildRules = (
			);
			dependencies = (
				D0E01F1C2F198C3200BA41F2 /* PBXTargetDependency */,
			);
			fileSystemSynchronizedGroups = (
				D0E01EE52F1978AB00BA41F2 /* TravelSchedule */,
			);
			name = TravelSchedule;
			packageProductDependencies = (
				D0E01F162F198B9000BA41F2 /* OpenAPIRuntime */,
				D0E01F192F198BCC00BA41F2 /* OpenAPIURLSession */,
			);
			productName = TravelSchedule;
			productReference = D0E01EE32F1978AB00BA41F2 /* TravelSchedule.app */;
			productType = "com.apple.product-type.application";
		};
		D0E01EF22F1978BB00BA41F2 /* TravelScheduleTests */ = {
			isa = PBXNativeTarget;
			buildConfigurationList = D0E01F0A2F1978BB00BA41F2 /* Build configuration list for PBXNativeTarget "TravelScheduleTests" */;
			buildPhases = (
				D0E01EEF2F1978BB00BA41F2 /* Sources */,
				D0E01EF02F1978BB00BA41F2 /* Frameworks */,
				D0E01EF12F1978BB00BA41F2 /* Resources */,
			);
			buildRules = (
			);
			dependencies = (
				D0E01EF52F1978BB00BA41F2 /* PBXTargetDependency */,
			);
			fileSystemSynchronizedGroups = (
				D0E01EF62F1978BB00BA41F2 /* TravelScheduleTests */,
			);
			name = TravelScheduleTests;
			packageProductDependencies = (
			);
			productName = TravelScheduleTests;
			productReference = D0E01EF32F1978BB00BA41F2 /* TravelScheduleTests.xctest */;
			productType = "com.apple.product-type.bundle.unit-test";
		};
		D0E01EFC2F1978BB00BA41F2 /* TravelScheduleUITests */ = {
			isa = PBXNativeTarget;
			buildConfigurationList = D0E01F0D2F1978BB00BA41F2 /* Build configuration list for PBXNativeTarget "TravelScheduleUITests" */;
			buildPhases = (
				D0E01EF92F1978BB00BA41F2 /* Sources */,
				D0E01EFA2F1978BB00BA41F2 /* Frameworks */,
				D0E01EFB2F1978BB00BA41F2 /* Resources */,
			);
			buildRules = (
			);
			dependencies = (
				D0E01EFF2F1978BB00BA41F2 /* PBXTargetDependency */,
			);
			fileSystemSynchronizedGroups = (
				D0E01F002F1978BB00BA41F2 /* TravelScheduleUITests */,
			);
			name = TravelScheduleUITests;
			packageProductDependencies = (
			);
			productName = TravelScheduleUITests;
			productReference = D0E01EFD2F1978BB00BA41F2 /* TravelScheduleUITests.xctest */;
			productType = "com.apple.product-type.bundle.ui-testing";
		};
/* End PBXNativeTarget section */

/* Begin PBXProject section */
		D0E01EDB2F1978AA00BA41F2 /* Project object */ = {
			isa = PBXProject;
			attributes = {
				BuildIndependentTargetsInParallel = 1;
				LastSwiftUpdateCheck = 1620;
				LastUpgradeCheck = 1620;
				TargetAttributes = {
					D0E01EE22F1978AB00BA41F2 = {
						CreatedOnToolsVersion = 16.2;
					};
					D0E01EF22F1978BB00BA41F2 = {
						CreatedOnToolsVersion = 16.2;
						TestTargetID = D0E01EE22F1978AB00BA41F2;
					};
					D0E01EFC2F1978BB00BA41F2 = {
						CreatedOnToolsVersion = 16.2;
						TestTargetID = D0E01EE22F1978AB00BA41F2;
					};
				};
			};
			buildConfigurationList = D0E01EDE2F1978AA00BA41F2 /* Build configuration list for PBXProject "TravelSchedule" */;
			developmentRegion = en;
			hasScannedForEncodings = 0;
			knownRegions = (
				en,
				Base,
			);
			mainGroup = D0E01EDA2F1978AA00BA41F2;
			minimizedProjectReferenceProxies = 1;
			packageReferences = (
				D0E01F102F198B4A00BA41F2 /* XCRemoteSwiftPackageReference "swift-openapi-generator" */,
				D0E01F152F198B9000BA41F2 /* XCRemoteSwiftPackageReference "swift-openapi-runtime" */,
				D0E01F182F198BCC00BA41F2 /* XCRemoteSwiftPackageReference "swift-openapi-urlsession" */,
			);
			preferredProjectObjectVersion = 77;
			productRefGroup = D0E01EE42F1978AB00BA41F2 /* Products */;
			projectDirPath = "";
			projectRoot = "";
			targets = (
				D0E01EE22F1978AB00BA41F2 /* TravelSchedule */,
				D0E01EF22F1978BB00BA41F2 /* TravelScheduleTests */,
				D0E01EFC2F1978BB00BA41F2 /* TravelScheduleUITests */,
			);
		};
/* End PBXProject section */

/* Begin PBXResourcesBuildPhase section */
		D0E01EE12F1978AB00BA41F2 /* Resources */ = {
			isa = PBXResourcesBuildPhase;
			buildActionMask = 2147483647;
			files = (
			);
			runOnlyForDeploymentPostprocessing = 0;
		};
		D0E01EF12F1978BB00BA41F2 /* Resources */ = {
			isa = PBXResourcesBuildPhase;
			buildActionMask = 2147483647;
			files = (
			);
			runOnlyForDeploymentPostprocessing = 0;
		};
		D0E01EFB2F1978BB00BA41F2 /* Resources */ = {
			isa = PBXResourcesBuildPhase;
			buildActionMask = 2147483647;
			files = (
			);
			runOnlyForDeploymentPostprocessing = 0;
		};
/* End PBXResourcesBuildPhase section */

/* Begin PBXSourcesBuildPhase section */
		D0E01EDF2F1978AB00BA41F2 /* Sources */ = {
			isa = PBXSourcesBuildPhase;
			buildActionMask = 2147483647;
			files = (
			);
			runOnlyForDeploymentPostprocessing = 0;
		};
		D0E01EEF2F1978BB00BA41F2 /* Sources */ = {
			isa = PBXSourcesBuildPhase;
			buildActionMask = 2147483647;
			files = (
			);
			runOnlyForDeploymentPostprocessing = 0;
		};
		D0E01EF92F1978BB00BA41F2 /* Sources */ = {
			isa = PBXSourcesBuildPhase;
			buildActionMask = 2147483647;
			files = (
			);
			runOnlyForDeploymentPostprocessing = 0;
		};
/* End PBXSourcesBuildPhase section */

/* Begin PBXTargetDependency section */
		D0E01EF52F1978BB00BA41F2 /* PBXTargetDependency */ = {
			isa = PBXTargetDependency;
			target = D0E01EE22F1978AB00BA41F2 /* TravelSchedule */;
			targetProxy = D0E01EF42F1978BB00BA41F2 /* PBXContainerItemProxy */;
		};
		D0E01EFF2F1978BB00BA41F2 /* PBXTargetDependency */ = {
			isa = PBXTargetDependency;
			target = D0E01EE22F1978AB00BA41F2 /* TravelSchedule */;
			targetProxy = D0E01EFE2F1978BB00BA41F2 /* PBXContainerItemProxy */;
		};
		D0E01F1C2F198C3200BA41F2 /* PBXTargetDependency */ = {
			isa = PBXTargetDependency;
			productRef = D0E01F1B2F198C3200BA41F2 /* OpenAPIGenerator */;
		};
/* End PBXTargetDependency section */

/* Begin XCBuildConfiguration section */
		D0E01F052F1978BB00BA41F2 /* Debug */ = {
			isa = XCBuildConfiguration;
			buildSettings = {
				ALWAYS_SEARCH_USER_PATHS = NO;
				ASSETCATALOG_COMPILER_GENERATE_SWIFT_ASSET_SYMBOL_EXTENSIONS = YES;
				CLANG_ANALYZER_NONNULL = YES;
				CLANG_ANALYZER_NUMBER_OBJECT_CONVERSION = YES_AGGRESSIVE;
				CLANG_CXX_LANGUAGE_STANDARD = "gnu++20";
				CLANG_ENABLE_MODULES = YES;
				CLANG_ENABLE_OBJC_ARC = YES;
				CLANG_ENABLE_OBJC_WEAK = YES;
				CLANG_WARN_BLOCK_CAPTURE_AUTORELEASING = YES;
				CLANG_WARN_BOOL_CONVERSION = YES;
				CLANG_WARN_COMMA = YES;
				CLANG_WARN_CONSTANT_CONVERSION = YES;
				CLANG_WARN_DEPRECATED_OBJC_IMPLEMENTATIONS = YES;
				CLANG_WARN_DIRECT_OBJC_ISA_USAGE = YES_ERROR;
				CLANG_WARN_DOCUMENTATION_COMMENTS = YES;
				CLANG_WARN_EMPTY_BODY = YES;
				CLANG_WARN_ENUM_CONVERSION = YES;
				CLANG_WARN_INFINITE_RECURSION = YES;
				CLANG_WARN_INT_CONVERSION = YES;
				CLANG_WARN_NON_LITERAL_NULL_CONVERSION = YES;
				CLANG_WARN_OBJC_IMPLICIT_RETAIN_SELF = YES;
				CLANG_WARN_OBJC_LITERAL_CONVERSION = YES;
				CLANG_WARN_OBJC_ROOT_CLASS = YES_ERROR;
				CLANG_WARN_QUOTED_INCLUDE_IN_FRAMEWORK_HEADER = YES;
				CLANG_WARN_RANGE_LOOP_ANALYSIS = YES;
				CLANG_WARN_STRICT_PROTOTYPES = YES;
				CLANG_WARN_SUSPICIOUS_MOVE = YES;
				CLANG_WARN_UNGUARDED_AVAILABILITY = YES_AGGRESSIVE;
				CLANG_WARN_UNREACHABLE_CODE = YES;
				CLANG_WARN__DUPLICATE_METHOD_MATCH = YES;
				COPY_PHASE_STRIP = NO;
				DEBUG_INFORMATION_FORMAT = dwarf;
				ENABLE_STRICT_OBJC_MSGSEND = YES;
				ENABLE_TESTABILITY = YES;
				ENABLE_USER_SCRIPT_SANDBOXING = YES;
				GCC_C_LANGUAGE_STANDARD = gnu17;
				GCC_DYNAMIC_NO_PIC = NO;
				GCC_NO_COMMON_BLOCKS = YES;
				GCC_OPTIMIZATION_LEVEL = 0;
				GCC_PREPROCESSOR_DEFINITIONS = (
					"DEBUG=1",
					"$(inherited)",
				);
				GCC_WARN_64_TO_32_BIT_CONVERSION = YES;
				GCC_WARN_ABOUT_RETURN_TYPE = YES_ERROR;
				GCC_WARN_UNDECLARED_SELECTOR = YES;
				GCC_WARN_UNINITIALIZED_AUTOS = YES_AGGRESSIVE;
				GCC_WARN_UNUSED_FUNCTION = YES;
				GCC_WARN_UNUSED_VARIABLE = YES;
				IPHONEOS_DEPLOYMENT_TARGET = 18.2;
				LOCALIZATION_PREFERS_STRING_CATALOGS = YES;
				MTL_ENABLE_DEBUG_INFO = INCLUDE_SOURCE;
				MTL_FAST_MATH = YES;
				ONLY_ACTIVE_ARCH = YES;
				SDKROOT = iphoneos;
				SWIFT_ACTIVE_COMPILATION_CONDITIONS = "DEBUG $(inherited)";
				SWIFT_OPTIMIZATION_LEVEL = "-Onone";
			};
			name = Debug;
		};
		D0E01F062F1978BB00BA41F2 /* Release */ = {
			isa = XCBuildConfiguration;
			buildSettings = {
				ALWAYS_SEARCH_USER_PATHS = NO;
				ASSETCATALOG_COMPILER_GENERATE_SWIFT_ASSET_SYMBOL_EXTENSIONS = YES;
				CLANG_ANALYZER_NONNULL = YES;
				CLANG_ANALYZER_NUMBER_OBJECT_CONVERSION = YES_AGGRESSIVE;
				CLANG_CXX_LANGUAGE_STANDARD = "gnu++20";
				CLANG_ENABLE_MODULES = YES;
				CLANG_ENABLE_OBJC_ARC = YES;
				CLANG_ENABLE_OBJC_WEAK = YES;
				CLANG_WARN_BLOCK_CAPTURE_AUTORELEASING = YES;
				CLANG_WARN_BOOL_CONVERSION = YES;
				CLANG_WARN_COMMA = YES;
				CLANG_WARN_CONSTANT_CONVERSION = YES;
				CLANG_WARN_DEPRECATED_OBJC_IMPLEMENTATIONS = YES;
				CLANG_WARN_DIRECT_OBJC_ISA_USAGE = YES_ERROR;
				CLANG_WARN_DOCUMENTATION_COMMENTS = YES;
				CLANG_WARN_EMPTY_BODY = YES;
				CLANG_WARN_ENUM_CONVERSION = YES;
				CLANG_WARN_INFINITE_RECURSION = YES;
				CLANG_WARN_INT_CONVERSION = YES;
				CLANG_WARN_NON_LITERAL_NULL_CONVERSION = YES;
				CLANG_WARN_OBJC_IMPLICIT_RETAIN_SELF = YES;
				CLANG_WARN_OBJC_LITERAL_CONVERSION = YES;
				CLANG_WARN_OBJC_ROOT_CLASS = YES_ERROR;
				CLANG_WARN_QUOTED_INCLUDE_IN_FRAMEWORK_HEADER = YES;
				CLANG_WARN_RANGE_LOOP_ANALYSIS = YES;
				CLANG_WARN_STRICT_PROTOTYPES = YES;
				CLANG_WARN_SUSPICIOUS_MOVE = YES;
				CLANG_WARN_UNGUARDED_AVAILABILITY = YES_AGGRESSIVE;
				CLANG_WARN_UNREACHABLE_CODE = YES;
				CLANG_WARN__DUPLICATE_METHOD_MATCH = YES;
				COPY_PHASE_STRIP = NO;
				DEBUG_INFORMATION_FORMAT = "dwarf-with-dsym";
				ENABLE_NS_ASSERTIONS = NO;
				ENABLE_STRICT_OBJC_MSGSEND = YES;
				ENABLE_USER_SCRIPT_SANDBOXING = YES;
				GCC_C_LANGUAGE_STANDARD = gnu17;
				GCC_NO_COMMON_BLOCKS = YES;
				GCC_WARN_64_TO_32_BIT_CONVERSION = YES;
				GCC_WARN_ABOUT_RETURN_TYPE = YES_ERROR;
				GCC_WARN_UNDECLARED_SELECTOR = YES;
				GCC_WARN_UNINITIALIZED_AUTOS = YES_AGGRESSIVE;
				GCC_WARN_UNUSED_FUNCTION = YES;
				GCC_WARN_UNUSED_VARIABLE = YES;
				IPHONEOS_DEPLOYMENT_TARGET = 18.2;
				LOCALIZATION_PREFERS_STRING_CATALOGS = YES;
				MTL_ENABLE_DEBUG_INFO = NO;
				MTL_FAST_MATH = YES;
				SDKROOT = iphoneos;
				SWIFT_COMPILATION_MODE = wholemodule;
				VALIDATE_PRODUCT = YES;
			};
			name = Release;
		};
		D0E01F082F1978BB00BA41F2 /* Debug */ = {
			isa = XCBuildConfiguration;
			buildSettings = {
				ASSETCATALOG_COMPILER_APPICON_NAME = AppIcon;
				ASSETCATALOG_COMPILER_GLOBAL_ACCENT_COLOR_NAME = AccentColor;
				CODE_SIGN_STYLE = Automatic;
				CURRENT_PROJECT_VERSION = 1;
				DEVELOPMENT_ASSET_PATHS = "\"TravelSchedule/Preview Content\"";
				DEVELOPMENT_TEAM = QZD96XQA34;
				ENABLE_PREVIEWS = YES;
				GENERATE_INFOPLIST_FILE = YES;
				INFOPLIST_FILE = TravelSchedule/Info.plist;
				INFOPLIST_KEY_CFBundleDisplayName = "Расписание Путешествий ";
				INFOPLIST_KEY_LSApplicationCategoryType = "public.app-category.navigation";
				INFOPLIST_KEY_UIApplicationSceneManifest_Generation = YES;
				INFOPLIST_KEY_UIApplicationSupportsIndirectInputEvents = YES;
				INFOPLIST_KEY_UILaunchStoryboardName = LaunchScreen;
				INFOPLIST_KEY_UISupportedInterfaceOrientations = UIInterfaceOrientationPortrait;
				IPHONEOS_DEPLOYMENT_TARGET = 17.0;
				LD_RUNPATH_SEARCH_PATHS = (
					"$(inherited)",
					"@executable_path/Frameworks",
				);
				MARKETING_VERSION = 1.0;
				PRODUCT_BUNDLE_IDENTIFIER = ru.Sradio09.TravelSchedule;
				PRODUCT_NAME = "$(TARGET_NAME)";
				SUPPORTED_PLATFORMS = "iphoneos iphonesimulator";
				SUPPORTS_MACCATALYST = NO;
				SUPPORTS_MAC_DESIGNED_FOR_IPHONE_IPAD = NO;
				SUPPORTS_XR_DESIGNED_FOR_IPHONE_IPAD = NO;
				SWIFT_EMIT_LOC_STRINGS = YES;
				SWIFT_VERSION = 5.0;
				TARGETED_DEVICE_FAMILY = 1;
			};
			name = Debug;
		};
		D0E01F092F1978BB00BA41F2 /* Release */ = {
			isa = XCBuildConfiguration;
			buildSettings = {
				ASSETCATALOG_COMPILER_APPICON_NAME = AppIcon;
				ASSETCATALOG_COMPILER_GLOBAL_ACCENT_COLOR_NAME = AccentColor;
				CODE_SIGN_STYLE = Automatic;
				CURRENT_PROJECT_VERSION = 1;
				DEVELOPMENT_ASSET_PATHS = "\"TravelSchedule/Preview Content\"";
				DEVELOPMENT_TEAM = QZD96XQA34;
				ENABLE_PREVIEWS = YES;
				GENERATE_INFOPLIST_FILE = YES;
				INFOPLIST_FILE = TravelSchedule/Info.plist;
				INFOPLIST_KEY_CFBundleDisplayName = "Расписание Путешествий ";
				INFOPLIST_KEY_LSApplicationCategoryType = "public.app-category.navigation";
				INFOPLIST_KEY_UIApplicationSceneManifest_Generation = YES;
				INFOPLIST_KEY_UIApplicationSupportsIndirectInputEvents = YES;
				INFOPLIST_KEY_UILaunchStoryboardName = LaunchScreen;
				INFOPLIST_KEY_UISupportedInterfaceOrientations = UIInterfaceOrientationPortrait;
				IPHONEOS_DEPLOYMENT_TARGET = 17.0;
				LD_RUNPATH_SEARCH_PATHS = (
					"$(inherited)",
					"@executable_path/Frameworks",
				);
				MARKETING_VERSION = 1.0;
				PRODUCT_BUNDLE_IDENTIFIER = ru.Sradio09.TravelSchedule;
				PRODUCT_NAME = "$(TARGET_NAME)";
				SUPPORTED_PLATFORMS = "iphoneos iphonesimulator";
				SUPPORTS_MACCATALYST = NO;
				SUPPORTS_MAC_DESIGNED_FOR_IPHONE_IPAD = NO;
				SUPPORTS_XR_DESIGNED_FOR_IPHONE_IPAD = NO;
				SWIFT_EMIT_LOC_STRINGS = YES;
				SWIFT_VERSION = 5.0;
				TARGETED_DEVICE_FAMILY = 1;
			};
			name = Release;
		};
		D0E01F0B2F1978BB00BA41F2 /* Debug */ = {
			isa = XCBuildConfiguration;
			buildSettings = {
				BUNDLE_LOADER = "$(TEST_HOST)";
				CODE_SIGN_STYLE = Automatic;
				CURRENT_PROJECT_VERSION = 1;
				DEVELOPMENT_TEAM = QZD96XQA34;
				GENERATE_INFOPLIST_FILE = YES;
				IPHONEOS_DEPLOYMENT_TARGET = 18.2;
				MARKETING_VERSION = 1.0;
				PRODUCT_BUNDLE_IDENTIFIER = ru.Sradio09.TravelScheduleTests;
				PRODUCT_NAME = "$(TARGET_NAME)";
				SWIFT_EMIT_LOC_STRINGS = NO;
				SWIFT_VERSION = 5.0;
				TARGETED_DEVICE_FAMILY = "1,2";
				TEST_HOST = "$(BUILT_PRODUCTS_DIR)/TravelSchedule.app/$(BUNDLE_EXECUTABLE_FOLDER_PATH)/TravelSchedule";
			};
			name = Debug;
		};
		D0E01F0C2F1978BB00BA41F2 /* Release */ = {
			isa = XCBuildConfiguration;
			buildSettings = {
				BUNDLE_LOADER = "$(TEST_HOST)";
				CODE_SIGN_STYLE = Automatic;
				CURRENT_PROJECT_VERSION = 1;
				DEVELOPMENT_TEAM = QZD96XQA34;
				GENERATE_INFOPLIST_FILE = YES;
				IPHONEOS_DEPLOYMENT_TARGET = 18.2;
				MARKETING_VERSION = 1.0;
				PRODUCT_BUNDLE_IDENTIFIER = ru.Sradio09.TravelScheduleTests;
				PRODUCT_NAME = "$(TARGET_NAME)";
				SWIFT_EMIT_LOC_STRINGS = NO;
				SWIFT_VERSION = 5.0;
				TARGETED_DEVICE_FAMILY = "1,2";
				TEST_HOST = "$(BUILT_PRODUCTS_DIR)/TravelSchedule.app/$(BUNDLE_EXECUTABLE_FOLDER_PATH)/TravelSchedule";
			};
			name = Release;
		};
		D0E01F0E2F1978BB00BA41F2 /* Debug */ = {
			isa = XCBuildConfiguration;
			buildSettings = {
				CODE_SIGN_STYLE = Automatic;
				CURRENT_PROJECT_VERSION = 1;
				DEVELOPMENT_TEAM = QZD96XQA34;
				GENERATE_INFOPLIST_FILE = YES;
				MARKETING_VERSION = 1.0;
				PRODUCT_BUNDLE_IDENTIFIER = ru.Sradio09.TravelScheduleUITests;
				PRODUCT_NAME = "$(TARGET_NAME)";
				SWIFT_EMIT_LOC_STRINGS = NO;
				SWIFT_VERSION = 5.0;
				TARGETED_DEVICE_FAMILY = "1,2";
				TEST_TARGET_NAME = TravelSchedule;
			};
			name = Debug;
		};
		D0E01F0F2F1978BB00BA41F2 /* Release */ = {
			isa = XCBuildConfiguration;
			buildSettings = {
				CODE_SIGN_STYLE = Automatic;
				CURRENT_PROJECT_VERSION = 1;
				DEVELOPMENT_TEAM = QZD96XQA34;
				GENERATE_INFOPLIST_FILE = YES;
				MARKETING_VERSION = 1.0;
				PRODUCT_BUNDLE_IDENTIFIER = ru.Sradio09.TravelScheduleUITests;
				PRODUCT_NAME = "$(TARGET_NAME)";
				SWIFT_EMIT_LOC_STRINGS = NO;
				SWIFT_VERSION = 5.0;
				TARGETED_DEVICE_FAMILY = "1,2";
				TEST_TARGET_NAME = TravelSchedule;
			};
			name = Release;
		};
/* End XCBuildConfiguration section */

/* Begin XCConfigurationList section */
		D0E01EDE2F1978AA00BA41F2 /* Build configuration list for PBXProject "TravelSchedule" */ = {
			isa = XCConfigurationList;
			buildConfigurations = (
				D0E01F052F1978BB00BA41F2 /* Debug */,
				D0E01F062F1978BB00BA41F2 /* Release */,
			);
			defaultConfigurationIsVisible = 0;
			defaultConfigurationName = Release;
		};
		D0E01F072F1978BB00BA41F2 /* Build configuration list for PBXNativeTarget "TravelSchedule" */ = {
			isa = XCConfigurationList;
			buildConfigurations = (
				D0E01F082F1978BB00BA41F2 /* Debug */,
				D0E01F092F1978BB00BA41F2 /* Release */,
			);
			defaultConfigurationIsVisible = 0;
			defaultConfigurationName = Release;
		};
		D0E01F0A2F1978BB00BA41F2 /* Build configuration list for PBXNativeTarget "TravelScheduleTests" */ = {
			isa = XCConfigurationList;
			buildConfigurations = (
				D0E01F0B2F1978BB00BA41F2 /* Debug */,
				D0E01F0C2F1978BB00BA41F2 /* Release */,
			);
			defaultConfigurationIsVisible = 0;
			defaultConfigurationName = Release;
		};
		D0E01F0D2F1978BB00BA41F2 /* Build configuration list for PBXNativeTarget "TravelScheduleUITests" */ = {
			isa = XCConfigurationList;
			buildConfigurations = (
				D0E01F0E2F1978BB00BA41F2 /* Debug */,
				D0E01F0F2F1978BB00BA41F2 /* Release */,
			);
			defaultConfigurationIsVisible = 0;
			defaultConfigurationName = Release;
		};
/* End XCConfigurationList section */

/* Begin XCRemoteSwiftPackageReference section */
		D0E01F102F198B4A00BA41F2 /* XCRemoteSwiftPackageReference "swift-openapi-generator" */ = {
			isa = XCRemoteSwiftPackageReference;
			repositoryURL = "https://github.com/apple/swift-openapi-generator";
			requirement = {
				kind = upToNextMajorVersion;
				minimumVersion = 1.10.4;
			};
		};
		D0E01F152F198B9000BA41F2 /* XCRemoteSwiftPackageReference "swift-openapi-runtime" */ = {
			isa = XCRemoteSwiftPackageReference;
			repositoryURL = "https://github.com/apple/swift-openapi-runtime";
			requirement = {
				kind = upToNextMajorVersion;
				minimumVersion = 1.9.0;
			};
		};
		D0E01F182F198BCC00BA41F2 /* XCRemoteSwiftPackageReference "swift-openapi-urlsession" */ = {
			isa = XCRemoteSwiftPackageReference;
			repositoryURL = "https://github.com/apple/swift-openapi-urlsession";
			requirement = {
				kind = upToNextMajorVersion;
				minimumVersion = 1.2.0;
			};
		};
/* End XCRemoteSwiftPackageReference section */

/* Begin XCSwiftPackageProductDependency section */
		D0E01F162F198B9000BA41F2 /* OpenAPIRuntime */ = {
			isa = XCSwiftPackageProductDependency;
			package = D0E01F152F198B9000BA41F2 /* XCRemoteSwiftPackageReference "swift-openapi-runtime" */;
			productName = OpenAPIRuntime;
		};
		D0E01F192F198BCC00BA41F2 /* OpenAPIURLSession */ = {
			isa = XCSwiftPackageProductDependency;
			package = D0E01F182F198BCC00BA41F2 /* XCRemoteSwiftPackageReference "swift-openapi-urlsession" */;
			productName = OpenAPIURLSession;
		};
		D0E01F1B2F198C3200BA41F2 /* OpenAPIGenerator */ = {
			isa = XCSwiftPackageProductDependency;
			package = D0E01F102F198B4A00BA41F2 /* XCRemoteSwiftPackageReference "swift-openapi-generator" */;
			productName = "plugin:OpenAPIGenerator";
		};
/* End XCSwiftPackageProductDependency section */
	};
	rootObject = D0E01EDB2F1978AA00BA41F2 /* Project object */;
}
